Microsoft Visual Studio Solution File, Format Version 12.00
# Visual Studio Version 17
VisualStudioVersion = 17.5.2.0
MinimumVisualStudioVersion = 10.0.40219.1
Project("{FAE04EC0-301F-11D3-BF4B-00C04F79EFBC}") = "EventHubSender", "EventHubSender.csproj", "{550224F8-4FE7-73F7-62F5-2740A8B2742F}"
EndProject
Global
	GlobalSection(SolutionConfigurationPlatforms) = preSolution
		Debug|Any CPU = Debug|Any CPU
		Release|Any CPU = Release|Any CPU
	EndGlobalSection
	GlobalSection(ProjectConfigurationPlatforms) = postSolution
		{550224F8-4FE7-73F7-62F5-2740A8B2742F}.Debug|Any CPU.ActiveCfg = Debug|Any CPU
		{550224F8-4FE7-73F7-62F5-2740A8B2742F}.Debug|Any CPU.Build.0 = Debug|Any CPU
		{550224F8-4FE7-73F7-62F5-2740A8B2742F}.Release|Any CPU.ActiveCfg = Release|Any CPU
		{550224F8-4FE7-73F7-62F5-2740A8B2742F}.Release|Any CPU.Build.0 = Release|Any CPU
	EndGlobalSection
	GlobalSection(SolutionProperties) = preSolution
		HideSolutionNode = FALSE
	EndGlobalSection
	GlobalSection(ExtensibilityGlobals) = postSolution
		SolutionGuid = {C4291759-7322-4821-A1B0-D7E69748A5E5}
	EndGlobalSection
EndGlobal
